{
  "lockfile_version": "1",
  "packages": {
    "github:NixOS/nixpkgs/nixpkgs-unstable": {
      "last_modified": "2026-02-13T23:34:13Z",
      "resolved": "github:NixOS/nixpkgs/7d2ae6d8b8b697b5114a4249d0d958ee5f23d8fe?lastModified=1771025653&narHash=sha256-Y7FxD%2FqS8VRBQ7lgJIbMX7HU3FQifaMkJzOPz8NFrac%3D"
    },
    "php84Extensions.xdebug@latest": {
      "last_modified": "2026-02-06T12:24:04Z",
      "resolved": "github:NixOS/nixpkgs/ae67888ff7ef9dff69b3cf0cc0fbfbcd3a722abe#php84Extensions.xdebug",
      "source": "devbox-search",
      "version": "3.5.0",
      "systems": {
        "aarch64-darwin": {
          "outputs": [
            {
              "name": "out",
              "path": "/nix/store/63frcjzpfpkyc8wfp1av0mwgd5fp905a-php-xdebug-3.5.0",
              "default": true
            }
          ],
          "store_path": "/nix/store/63frcjzpfpkyc8wfp1av0mwgd5fp905a-php-xdebug-3.5.0"
        },
        "aarch64-linux": {
          "outputs": [
            {
              "name": "out",
              "path": "/nix/store/vddhnmdspwg3j1zfzlg4mjg423s0mmzk-php-xdebug-3.5.0",
              "default": true
            }
          ],
          "store_path": "/nix/store/vddhnmdspwg3j1zfzlg4mjg423s0mmzk-php-xdebug-3.5.0"
        },
        "x86_64-darwin": {
          "outputs": [
            {
              "name": "out",
              "path": "/nix/store/m21mdsd29p8xd2ydfg52dqhds2g7v49l-php-xdebug-3.5.0",
              "default": true
            }
          ],
          "store_path": "/nix/store/m21mdsd29p8xd2ydfg52dqhds2g7v49l-php-xdebug-3.5.0"
        },
        "x86_64-linux": {
          "outputs": [
            {
              "name": "out",
              "path": "/nix/store/zg3ll3w11l88bmyvh5car2jv55vykzy6-php-xdebug-3.5.0",
              "default": true
            }
          ],
          "store_path": "/nix/store/zg3ll3w11l88bmyvh5car2jv55vykzy6-php-xdebug-3.5.0"
        }
      }
    },
    "php@8.4.17": {
      "last_modified": "2026-02-06T12:24:04Z",
      "plugin_version": "0.0.3",
      "resolved": "github:NixOS/nixpkgs/ae67888ff7ef9dff69b3cf0cc0fbfbcd3a722abe#php",
      "source": "devbox-search",
      "version": "8.4.17",
      "systems": {
        "aarch64-darwin": {
          "outputs": [
            {
              "name": "out",
              "path": "/nix/store/in1slybl89zay85knrqj2d7kdzwy9i8m-php-with-extensions-8.4.17",
              "default": true
            }
          ],
          "store_path": "/nix/store/in1slybl89zay85knrqj2d7kdzwy9i8m-php-with-extensions-8.4.17"
        },
        "aarch64-linux": {
          "outputs": [
            {
              "name": "out",
              "path": "/nix/store/5ja907v977470pjcklzg7gs4jqv2igmr-php-with-extensions-8.4.17",
              "default": true
            }
          ],
          "store_path": "/nix/store/5ja907v977470pjcklzg7gs4jqv2igmr-php-with-extensions-8.4.17"
        },
        "x86_64-darwin": {
          "outputs": [
            {
              "name": "out",
              "path": "/nix/store/qvbw7jkjklmsd30w1a5idl60wahwn8sd-php-with-extensions-8.4.17",
              "default": true
            }
          ],
          "store_path": "/nix/store/qvbw7jkjklmsd30w1a5idl60wahwn8sd-php-with-extensions-8.4.17"
        },
        "x86_64-linux": {
          "outputs": [
            {
              "name": "out",
              "path": "/nix/store/6m4jrz2w1rj0iqal9y93smq3wk0wdsmg-php-with-extensions-8.4.17",
              "default": true
            }
          ],
          "store_path": "/nix/store/6m4jrz2w1rj0iqal9y93smq3wk0wdsmg-php-with-extensions-8.4.17"
        }
      }
    }
  }
}
